
Microsoft Visual Studio Solution File, Format Version 12.00
# Visual Studio Version 17
VisualStudioVersion = 17.5.33516.290
MinimumVisualStudioVersion = 10.0.40219.1
Project("{FAE04EC0-301F-11D3-BF4B-00C04F79EFBC}") = "NetkinetixEvents", "NetkinetixEvents\NetkinetixEvents.csproj", "{54D93BD7-D552-4C8C-BF12-49CA93A1B0A0}"
EndProject
Global
	GlobalSection(SolutionConfigurationPlatforms) = preSolution
		Debug|Any CPU = Debug|Any CPU
		Release|Any CPU = Release|Any CPU
	EndGlobalSection
	GlobalSection(ProjectConfigurationPlatforms) = postSolution
		{54D93BD7-D552-4C8C-BF12-49CA93A1B0A0}.Debug|Any CPU.ActiveCfg = Debug|Any CPU
		{54D93BD7-D552-4C8C-BF12-49CA93A1B0A0}.Debug|Any CPU.Build.0 = Debug|Any CPU
		{54D93BD7-D552-4C8C-BF12-49CA93A1B0A0}.Release|Any CPU.ActiveCfg = Release|Any CPU
		{54D93BD7-D552-4C8C-BF12-49CA93A1B0A0}.Release|Any CPU.Build.0 = Release|Any CPU
	EndGlobalSection
	GlobalSection(SolutionProperties) = preSolution
		HideSolutionNode = FALSE
	EndGlobalSection
	GlobalSection(ExtensibilityGlobals) = postSolution
		SolutionGuid = {3CF278E0-92EA-44B7-BF05-139966BE912C}
	EndGlobalSection
EndGlobal
